
Microsoft Visual Studio Solution File, Format Version 12.00
# Visual Studio 15
VisualStudioVersion = 15.0.26730.16
MinimumVisualStudioVersion = 10.0.40219.1
Project("{FAE04EC0-301F-11D3-BF4B-00C04F79EFBC}") = "WorkingWithSomeIntegers", "WorkingWithSomeIntegers\WorkingWithSomeIntegers.csproj", "{F067DDE7-A81D-404B-9BF5-9AC01005AB65}"
EndProject
Project("{FAE04EC0-301F-11D3-BF4B-00C04F79EFBC}") = "WorkingWithSomeLetters", "WorkingWithSomeLetters\WorkingWithSomeLetters.csproj", "{4E3B5C4F-B478-48F8-90F8-FA8C23941C53}"
EndProject
Global
	GlobalSection(SolutionConfigurationPlatforms) = preSolution
		Debug|Any CPU = Debug|Any CPU
		Release|Any CPU = Release|Any CPU
	EndGlobalSection
	GlobalSection(ProjectConfigurationPlatforms) = postSolution
		{F067DDE7-A81D-404B-9BF5-9AC01005AB65}.Debug|Any CPU.ActiveCfg = Debug|Any CPU
		{F067DDE7-A81D-404B-9BF5-9AC01005AB65}.Debug|Any CPU.Build.0 = Debug|Any CPU
		{F067DDE7-A81D-404B-9BF5-9AC01005AB65}.Release|Any CPU.ActiveCfg = Release|Any CPU
		{F067DDE7-A81D-404B-9BF5-9AC01005AB65}.Release|Any CPU.Build.0 = Release|Any CPU
		{4E3B5C4F-B478-48F8-90F8-FA8C23941C53}.Debug|Any CPU.ActiveCfg = Debug|Any CPU
		{4E3B5C4F-B478-48F8-90F8-FA8C23941C53}.Debug|Any CPU.Build.0 = Debug|Any CPU
		{4E3B5C4F-B478-48F8-90F8-FA8C23941C53}.Release|Any CPU.ActiveCfg = Release|Any CPU
		{4E3B5C4F-B478-48F8-90F8-FA8C23941C53}.Release|Any CPU.Build.0 = Release|Any CPU
	EndGlobalSection
	GlobalSection(SolutionProperties) = preSolution
		HideSolutionNode = FALSE
	EndGlobalSection
	GlobalSection(ExtensibilityGlobals) = postSolution
		SolutionGuid = {359407EB-0CBA-4F7F-8561-3E9E564AFF3B}
	EndGlobalSection
EndGlobal
