
Microsoft Visual Studio Solution File, Format Version 12.00
# Visual Studio 15
VisualStudioVersion = 15.0.26730.16
MinimumVisualStudioVersion = 10.0.40219.1
Project("{FAE04EC0-301F-11D3-BF4B-00C04F79EFBC}") = "393", "393\393.csproj", "{C509F0C2-12B8-44EA-8C5F-AC1FAB9859E2}"
EndProject
Project("{FAE04EC0-301F-11D3-BF4B-00C04F79EFBC}") = "396", "396\396.csproj", "{F5468DDB-64C2-4721-A57D-EE654FF5ED3E}"
EndProject
Project("{FAE04EC0-301F-11D3-BF4B-00C04F79EFBC}") = "395", "395\395.csproj", "{F2443CBC-02E5-4F6C-A30B-38374345DC32}"
EndProject
Project("{FAE04EC0-301F-11D3-BF4B-00C04F79EFBC}") = "397", "397\397.csproj", "{34784EF2-B9EC-4EA7-A84A-BA12213AB13E}"
EndProject
Project("{FAE04EC0-301F-11D3-BF4B-00C04F79EFBC}") = "398", "398\398.csproj", "{73405570-81DE-49BB-80E9-574318F05090}"
EndProject
Project("{FAE04EC0-301F-11D3-BF4B-00C04F79EFBC}") = "399", "399\399.csproj", "{A8CBE53A-EB11-4DC8-831E-DF3F601B70AE}"
EndProject
Project("{FAE04EC0-301F-11D3-BF4B-00C04F79EFBC}") = "400", "400\400.csproj", "{A0D497F1-23E2-474C-B329-82D5917FFE4C}"
EndProject
Project("{FAE04EC0-301F-11D3-BF4B-00C04F79EFBC}") = "401", "401\401.csproj", "{21F662CE-1530-495B-8837-549AC8DEA50B}"
EndProject
Project("{FAE04EC0-301F-11D3-BF4B-00C04F79EFBC}") = "402", "402\402.csproj", "{35C493A2-9447-4E10-B288-4D8E50C9D104}"
EndProject
Project("{FAE04EC0-301F-11D3-BF4B-00C04F79EFBC}") = "403", "403\403.csproj", "{E309D3F9-02FF-42BB-B06F-D7C141BED9FA}"
EndProject
Project("{FAE04EC0-301F-11D3-BF4B-00C04F79EFBC}") = "404", "404\404.csproj", "{15B8E304-6507-4BA1-8921-69192574C92B}"
EndProject
Project("{FAE04EC0-301F-11D3-BF4B-00C04F79EFBC}") = "405", "405\405.csproj", "{F6CF7B55-B708-42DB-A19E-961CFD4712B5}"
EndProject
Project("{FAE04EC0-301F-11D3-BF4B-00C04F79EFBC}") = "406", "406\406.csproj", "{E98E39F4-68CB-4BCD-A931-594B941C742F}"
EndProject
Project("{FAE04EC0-301F-11D3-BF4B-00C04F79EFBC}") = "407", "407\407.csproj", "{FE33470A-1874-4B23-ACB9-C7492BCDD47F}"
EndProject
Global
	GlobalSection(SolutionConfigurationPlatforms) = preSolution
		Debug|Any CPU = Debug|Any CPU
		Release|Any CPU = Release|Any CPU
	EndGlobalSection
	GlobalSection(ProjectConfigurationPlatforms) = postSolution
		{C509F0C2-12B8-44EA-8C5F-AC1FAB9859E2}.Debug|Any CPU.ActiveCfg = Debug|Any CPU
		{C509F0C2-12B8-44EA-8C5F-AC1FAB9859E2}.Debug|Any CPU.Build.0 = Debug|Any CPU
		{C509F0C2-12B8-44EA-8C5F-AC1FAB9859E2}.Release|Any CPU.ActiveCfg = Release|Any CPU
		{C509F0C2-12B8-44EA-8C5F-AC1FAB9859E2}.Release|Any CPU.Build.0 = Release|Any CPU
		{F5468DDB-64C2-4721-A57D-EE654FF5ED3E}.Debug|Any CPU.ActiveCfg = Debug|Any CPU
		{F5468DDB-64C2-4721-A57D-EE654FF5ED3E}.Debug|Any CPU.Build.0 = Debug|Any CPU
		{F5468DDB-64C2-4721-A57D-EE654FF5ED3E}.Release|Any CPU.ActiveCfg = Release|Any CPU
		{F5468DDB-64C2-4721-A57D-EE654FF5ED3E}.Release|Any CPU.Build.0 = Release|Any CPU
		{F2443CBC-02E5-4F6C-A30B-38374345DC32}.Debug|Any CPU.ActiveCfg = Debug|Any CPU
		{F2443CBC-02E5-4F6C-A30B-38374345DC32}.Debug|Any CPU.Build.0 = Debug|Any CPU
		{F2443CBC-02E5-4F6C-A30B-38374345DC32}.Release|Any CPU.ActiveCfg = Release|Any CPU
		{F2443CBC-02E5-4F6C-A30B-38374345DC32}.Release|Any CPU.Build.0 = Release|Any CPU
		{34784EF2-B9EC-4EA7-A84A-BA12213AB13E}.Debug|Any CPU.ActiveCfg = Debug|Any CPU
		{34784EF2-B9EC-4EA7-A84A-BA12213AB13E}.Debug|Any CPU.Build.0 = Debug|Any CPU
		{34784EF2-B9EC-4EA7-A84A-BA12213AB13E}.Release|Any CPU.ActiveCfg = Release|Any CPU
		{34784EF2-B9EC-4EA7-A84A-BA12213AB13E}.Release|Any CPU.Build.0 = Release|Any CPU
		{73405570-81DE-49BB-80E9-574318F05090}.Debug|Any CPU.ActiveCfg = Debug|Any CPU
		{73405570-81DE-49BB-80E9-574318F05090}.Debug|Any CPU.Build.0 = Debug|Any CPU
		{73405570-81DE-49BB-80E9-574318F05090}.Release|Any CPU.ActiveCfg = Release|Any CPU
		{73405570-81DE-49BB-80E9-574318F05090}.Release|Any CPU.Build.0 = Release|Any CPU
		{A8CBE53A-EB11-4DC8-831E-DF3F601B70AE}.Debug|Any CPU.ActiveCfg = Debug|Any CPU
		{A8CBE53A-EB11-4DC8-831E-DF3F601B70AE}.Debug|Any CPU.Build.0 = Debug|Any CPU
		{A8CBE53A-EB11-4DC8-831E-DF3F601B70AE}.Release|Any CPU.ActiveCfg = Release|Any CPU
		{A8CBE53A-EB11-4DC8-831E-DF3F601B70AE}.Release|Any CPU.Build.0 = Release|Any CPU
		{A0D497F1-23E2-474C-B329-82D5917FFE4C}.Debug|Any CPU.ActiveCfg = Debug|Any CPU
		{A0D497F1-23E2-474C-B329-82D5917FFE4C}.Debug|Any CPU.Build.0 = Debug|Any CPU
		{A0D497F1-23E2-474C-B329-82D5917FFE4C}.Release|Any CPU.ActiveCfg = Release|Any CPU
		{A0D497F1-23E2-474C-B329-82D5917FFE4C}.Release|Any CPU.Build.0 = Release|Any CPU
		{21F662CE-1530-495B-8837-549AC8DEA50B}.Debug|Any CPU.ActiveCfg = Debug|Any CPU
		{21F662CE-1530-495B-8837-549AC8DEA50B}.Debug|Any CPU.Build.0 = Debug|Any CPU
		{21F662CE-1530-495B-8837-549AC8DEA50B}.Release|Any CPU.ActiveCfg = Release|Any CPU
		{21F662CE-1530-495B-8837-549AC8DEA50B}.Release|Any CPU.Build.0 = Release|Any CPU
		{35C493A2-9447-4E10-B288-4D8E50C9D104}.Debug|Any CPU.ActiveCfg = Debug|Any CPU
		{35C493A2-9447-4E10-B288-4D8E50C9D104}.Debug|Any CPU.Build.0 = Debug|Any CPU
		{35C493A2-9447-4E10-B288-4D8E50C9D104}.Release|Any CPU.ActiveCfg = Release|Any CPU
		{35C493A2-9447-4E10-B288-4D8E50C9D104}.Release|Any CPU.Build.0 = Release|Any CPU
		{E309D3F9-02FF-42BB-B06F-D7C141BED9FA}.Debug|Any CPU.ActiveCfg = Debug|Any CPU
		{E309D3F9-02FF-42BB-B06F-D7C141BED9FA}.Debug|Any CPU.Build.0 = Debug|Any CPU
		{E309D3F9-02FF-42BB-B06F-D7C141BED9FA}.Release|Any CPU.ActiveCfg = Release|Any CPU
		{E309D3F9-02FF-42BB-B06F-D7C141BED9FA}.Release|Any CPU.Build.0 = Release|Any CPU
		{15B8E304-6507-4BA1-8921-69192574C92B}.Debug|Any CPU.ActiveCfg = Debug|Any CPU
		{15B8E304-6507-4BA1-8921-69192574C92B}.Debug|Any CPU.Build.0 = Debug|Any CPU
		{15B8E304-6507-4BA1-8921-69192574C92B}.Release|Any CPU.ActiveCfg = Release|Any CPU
		{15B8E304-6507-4BA1-8921-69192574C92B}.Release|Any CPU.Build.0 = Release|Any CPU
		{F6CF7B55-B708-42DB-A19E-961CFD4712B5}.Debug|Any CPU.ActiveCfg = Debug|Any CPU
		{F6CF7B55-B708-42DB-A19E-961CFD4712B5}.Debug|Any CPU.Build.0 = Debug|Any CPU
		{F6CF7B55-B708-42DB-A19E-961CFD4712B5}.Release|Any CPU.ActiveCfg = Release|Any CPU
		{F6CF7B55-B708-42DB-A19E-961CFD4712B5}.Release|Any CPU.Build.0 = Release|Any CPU
		{E98E39F4-68CB-4BCD-A931-594B941C742F}.Debug|Any CPU.ActiveCfg = Debug|Any CPU
		{E98E39F4-68CB-4BCD-A931-594B941C742F}.Debug|Any CPU.Build.0 = Debug|Any CPU
		{E98E39F4-68CB-4BCD-A931-594B941C742F}.Release|Any CPU.ActiveCfg = Release|Any CPU
		{E98E39F4-68CB-4BCD-A931-594B941C742F}.Release|Any CPU.Build.0 = Release|Any CPU
		{FE33470A-1874-4B23-ACB9-C7492BCDD47F}.Debug|Any CPU.ActiveCfg = Debug|Any CPU
		{FE33470A-1874-4B23-ACB9-C7492BCDD47F}.Debug|Any CPU.Build.0 = Debug|Any CPU
		{FE33470A-1874-4B23-ACB9-C7492BCDD47F}.Release|Any CPU.ActiveCfg = Release|Any CPU
		{FE33470A-1874-4B23-ACB9-C7492BCDD47F}.Release|Any CPU.Build.0 = Release|Any CPU
	EndGlobalSection
	GlobalSection(SolutionProperties) = preSolution
		HideSolutionNode = FALSE
	EndGlobalSection
	GlobalSection(ExtensibilityGlobals) = postSolution
		SolutionGuid = {22D7684E-3E6E-4FCB-AD2C-7174BA26DD81}
	EndGlobalSection
EndGlobal
